
Microsoft Visual Studio Solution File, Format Version 12.00
# Visual Studio Version 16
VisualStudioVersion = 16.0.31624.102
MinimumVisualStudioVersion = 10.0.40219.1
Project("{9A19103F-16F7-4668-BE54-9A1E7A4F7556}") = "SF.Modul12_1_5", "Modul12_1\SF.Modul12_1_5.csproj", "{F0E9D621-C9E1-45E7-86C5-01A0D972AF13}"
EndProject
Global
	GlobalSection(SolutionConfigurationPlatforms) = preSolution
		Debug|Any CPU = Debug|Any CPU
		Release|Any CPU = Release|Any CPU
	EndGlobalSection
	GlobalSection(ProjectConfigurationPlatforms) = postSolution
		{F0E9D621-C9E1-45E7-86C5-01A0D972AF13}.Debug|Any CPU.ActiveCfg = Debug|Any CPU
		{F0E9D621-C9E1-45E7-86C5-01A0D972AF13}.Debug|Any CPU.Build.0 = Debug|Any CPU
		{F0E9D621-C9E1-45E7-86C5-01A0D972AF13}.Release|Any CPU.ActiveCfg = Release|Any CPU
		{F0E9D621-C9E1-45E7-86C5-01A0D972AF13}.Release|Any CPU.Build.0 = Release|Any CPU
	EndGlobalSection
	GlobalSection(SolutionProperties) = preSolution
		HideSolutionNode = FALSE
	EndGlobalSection
	GlobalSection(ExtensibilityGlobals) = postSolution
		SolutionGuid = {24638968-B99F-448B-9B9C-20F3C971B14D}
	EndGlobalSection
EndGlobal
